
Microsoft Visual Studio Solution File, Format Version 12.00
# Visual Studio Version 17
VisualStudioVersion = 17.7.34031.279
MinimumVisualStudioVersion = 10.0.40219.1
Project("{FAE04EC0-301F-11D3-BF4B-00C04F79EFBC}") = "ExamenR", "ExamenR\ExamenR.csproj", "{30DF1795-9269-40AF-B374-A3356391A1A9}"
EndProject
Global
	GlobalSection(SolutionConfigurationPlatforms) = preSolution
		Debug|Any CPU = Debug|Any CPU
		Release|Any CPU = Release|Any CPU
	EndGlobalSection
	GlobalSection(ProjectConfigurationPlatforms) = postSolution
		{30DF1795-9269-40AF-B374-A3356391A1A9}.Debug|Any CPU.ActiveCfg = Debug|Any CPU
		{30DF1795-9269-40AF-B374-A3356391A1A9}.Debug|Any CPU.Build.0 = Debug|Any CPU
		{30DF1795-9269-40AF-B374-A3356391A1A9}.Release|Any CPU.ActiveCfg = Release|Any CPU
		{30DF1795-9269-40AF-B374-A3356391A1A9}.Release|Any CPU.Build.0 = Release|Any CPU
	EndGlobalSection
	GlobalSection(SolutionProperties) = preSolution
		HideSolutionNode = FALSE
	EndGlobalSection
	GlobalSection(ExtensibilityGlobals) = postSolution
		SolutionGuid = {F43A1DE2-2D6D-4F84-AC86-7A888BBCAC7F}
	EndGlobalSection
EndGlobal
